
Microsoft Visual Studio Solution File, Format Version 12.00
# Visual Studio Version 17
VisualStudioVersion = 17.1.32210.238
MinimumVisualStudioVersion = 10.0.40219.1
Project("{9A19103F-16F7-4668-BE54-9A1E7A4F7556}") = "Task_1", "Task_1\Task_1.csproj", "{A07A64F0-FCA4-4A28-AF6A-E31FF27A4FF1}"
EndProject
Project("{FAE04EC0-301F-11D3-BF4B-00C04F79EFBC}") = "Task_2", "Task_2\Task_2.csproj", "{57EBB409-0DE4-4EB6-8416-878DF3116277}"
EndProject
Global
	GlobalSection(SolutionConfigurationPlatforms) = preSolution
		Debug|Any CPU = Debug|Any CPU
		Release|Any CPU = Release|Any CPU
	EndGlobalSection
	GlobalSection(ProjectConfigurationPlatforms) = postSolution
		{A07A64F0-FCA4-4A28-AF6A-E31FF27A4FF1}.Debug|Any CPU.ActiveCfg = Debug|Any CPU
		{A07A64F0-FCA4-4A28-AF6A-E31FF27A4FF1}.Debug|Any CPU.Build.0 = Debug|Any CPU
		{A07A64F0-FCA4-4A28-AF6A-E31FF27A4FF1}.Release|Any CPU.ActiveCfg = Release|Any CPU
		{A07A64F0-FCA4-4A28-AF6A-E31FF27A4FF1}.Release|Any CPU.Build.0 = Release|Any CPU
		{57EBB409-0DE4-4EB6-8416-878DF3116277}.Debug|Any CPU.ActiveCfg = Debug|Any CPU
		{57EBB409-0DE4-4EB6-8416-878DF3116277}.Debug|Any CPU.Build.0 = Debug|Any CPU
		{57EBB409-0DE4-4EB6-8416-878DF3116277}.Release|Any CPU.ActiveCfg = Release|Any CPU
		{57EBB409-0DE4-4EB6-8416-878DF3116277}.Release|Any CPU.Build.0 = Release|Any CPU
	EndGlobalSection
	GlobalSection(SolutionProperties) = preSolution
		HideSolutionNode = FALSE
	EndGlobalSection
	GlobalSection(ExtensibilityGlobals) = postSolution
		SolutionGuid = {601429E9-2CAA-4C11-B648-063B9F39C357}
	EndGlobalSection
EndGlobal
