
Microsoft Visual Studio Solution File, Format Version 12.00
# Visual Studio Version 17
VisualStudioVersion = 17.1.32210.238
MinimumVisualStudioVersion = 10.0.40219.1
Project("{FAE04EC0-301F-11D3-BF4B-00C04F79EFBC}") = "Task_1", "Task_1\Task_1.csproj", "{0165C87A-33CC-4E64-8281-F89273F3D0FF}"
EndProject
Project("{FAE04EC0-301F-11D3-BF4B-00C04F79EFBC}") = "Task_2", "Task_2\Task_2.csproj", "{97C346E1-033A-420A-AC13-2F842FEA866B}"
EndProject
Global
	GlobalSection(SolutionConfigurationPlatforms) = preSolution
		Debug|Any CPU = Debug|Any CPU
		Release|Any CPU = Release|Any CPU
	EndGlobalSection
	GlobalSection(ProjectConfigurationPlatforms) = postSolution
		{0165C87A-33CC-4E64-8281-F89273F3D0FF}.Debug|Any CPU.ActiveCfg = Debug|Any CPU
		{0165C87A-33CC-4E64-8281-F89273F3D0FF}.Debug|Any CPU.Build.0 = Debug|Any CPU
		{0165C87A-33CC-4E64-8281-F89273F3D0FF}.Release|Any CPU.ActiveCfg = Release|Any CPU
		{0165C87A-33CC-4E64-8281-F89273F3D0FF}.Release|Any CPU.Build.0 = Release|Any CPU
		{97C346E1-033A-420A-AC13-2F842FEA866B}.Debug|Any CPU.ActiveCfg = Debug|Any CPU
		{97C346E1-033A-420A-AC13-2F842FEA866B}.Debug|Any CPU.Build.0 = Debug|Any CPU
		{97C346E1-033A-420A-AC13-2F842FEA866B}.Release|Any CPU.ActiveCfg = Release|Any CPU
		{97C346E1-033A-420A-AC13-2F842FEA866B}.Release|Any CPU.Build.0 = Release|Any CPU
	EndGlobalSection
	GlobalSection(SolutionProperties) = preSolution
		HideSolutionNode = FALSE
	EndGlobalSection
	GlobalSection(ExtensibilityGlobals) = postSolution
		SolutionGuid = {4B35DA52-D011-4032-A443-8DFEC1B92D96}
	EndGlobalSection
EndGlobal
