
Microsoft Visual Studio Solution File, Format Version 12.00
# Visual Studio Version 17
VisualStudioVersion = 17.1.32414.318
MinimumVisualStudioVersion = 10.0.40219.1
Project("{9A19103F-16F7-4668-BE54-9A1E7A4F7556}") = "Task1", "Task1\Task1.csproj", "{6F64C9B1-074E-4E89-9F38-CE3D588BAD41}"
EndProject
Project("{FAE04EC0-301F-11D3-BF4B-00C04F79EFBC}") = "Task2-3", "Task2\Task2-3.csproj", "{913515C2-A515-4B5E-882A-273A94618A75}"
EndProject
Global
	GlobalSection(SolutionConfigurationPlatforms) = preSolution
		Debug|Any CPU = Debug|Any CPU
		Release|Any CPU = Release|Any CPU
	EndGlobalSection
	GlobalSection(ProjectConfigurationPlatforms) = postSolution
		{6F64C9B1-074E-4E89-9F38-CE3D588BAD41}.Debug|Any CPU.ActiveCfg = Debug|Any CPU
		{6F64C9B1-074E-4E89-9F38-CE3D588BAD41}.Debug|Any CPU.Build.0 = Debug|Any CPU
		{6F64C9B1-074E-4E89-9F38-CE3D588BAD41}.Release|Any CPU.ActiveCfg = Release|Any CPU
		{6F64C9B1-074E-4E89-9F38-CE3D588BAD41}.Release|Any CPU.Build.0 = Release|Any CPU
		{913515C2-A515-4B5E-882A-273A94618A75}.Debug|Any CPU.ActiveCfg = Debug|Any CPU
		{913515C2-A515-4B5E-882A-273A94618A75}.Debug|Any CPU.Build.0 = Debug|Any CPU
		{913515C2-A515-4B5E-882A-273A94618A75}.Release|Any CPU.ActiveCfg = Release|Any CPU
		{913515C2-A515-4B5E-882A-273A94618A75}.Release|Any CPU.Build.0 = Release|Any CPU
	EndGlobalSection
	GlobalSection(SolutionProperties) = preSolution
		HideSolutionNode = FALSE
	EndGlobalSection
	GlobalSection(ExtensibilityGlobals) = postSolution
		SolutionGuid = {F39ED955-6869-4F2A-9A89-C7120002E386}
	EndGlobalSection
EndGlobal
